<?xml version="1.0" encoding="utf-8"?>
<Project ToolsVersion="4.0" xmlns="http://schemas.microsoft.com/developer/msbuild/2003">
  <ItemGroup>
    <Filter Include="Source Files">
      <UniqueIdentifier>{4FC737F1-C7A5-4376-A066-2A32D752A2FF}</UniqueIdentifier>
      <Extensions>cpp;c;cc;cxx;def;odl;idl;hpj;bat;asm;asmx</Extensions>
    </Filter>
    <Filter Include="Header Files">
      <UniqueIdentifier>{93995380-89BD-4b04-88EB-625FBE52EBFB}</UniqueIdentifier>
      <Extensions>h;hpp;hxx;hm;inl;inc;xsd</Extensions>
    </Filter>
    <Filter Include="Resource Files">
      <UniqueIdentifier>{67DA6AB6-F800-4c08-8B7A-83BB121AAD01}</UniqueIdentifier>
      <Extensions>rc;ico;cur;bmp;dlg;rc2;rct;bin;rgs;gif;jpg;jpeg;jpe;resx;tiff;tif;png;wav;mfcribbon-ms</Extensions>
    </Filter>
  </ItemGroup>
  <ItemGroup>
    <ClInclude Include="stdafx.h">
      <Filter>Header Files</Filter>
    </ClInclude>
    <ClInclude Include="targetver.h">
      <Filter>Header Files</Filter>
    </ClInclude>
    <ClInclude Include="Command.h">
      <Filter>Header Files</Filter>
    </ClInclude>
    <ClInclude Include="Argz.h">
      <Filter>Header Files</Filter>
    </ClInclude>
    <ClInclude Include="rapidxml\rapidxml.hpp">
      <Filter>Header Files</Filter>
    </ClInclude>
    <ClInclude Include="rapidxml\rapidxml_iterators.hpp">
      <Filter>Header Files</Filter>
    </ClInclude>
    <ClInclude Include="rapidxml\rapidxml_print.hpp">
      <Filter>Header Files</Filter>
    </ClInclude>
    <ClInclude Include="rapidxml\rapidxml_utils.hpp">
      <Filter>Header Files</Filter>
    </ClInclude>
    <ClInclude Include="InstanceCount.h">
      <Filter>Header Files</Filter>
    </ClInclude>
    <ClInclude Include="InterruptHolder.h">
      <Filter>Header Files</Filter>
    </ClInclude>
    <ClInclude Include="resource.h">
      <Filter>Header Files</Filter>
    </ClInclude>
    <ClInclude Include="Console\Impl\ConsoleCommandsRunner.h">
      <Filter>Header Files</Filter>
    </ClInclude>
    <ClInclude Include="Console\Impl\SimpleConsoleWriter.h">
      <Filter>Header Files</Filter>
    </ClInclude>
    <ClInclude Include="Console\ConsoleAction.h">
      <Filter>Header Files</Filter>
    </ClInclude>
    <ClInclude Include="Console\ConsoleWriter.h">
      <Filter>Header Files</Filter>
    </ClInclude>
    <ClInclude Include="Console\CreateServiceAction.h">
      <Filter>Header Files</Filter>
    </ClInclude>
    <ClInclude Include="Console\CreateServiceCheckAccountAction.h">
      <Filter>Header Files</Filter>
    </ClInclude>
    <ClInclude Include="Console\CreateServiceSettingsAction.h">
      <Filter>Header Files</Filter>
    </ClInclude>
    <ClInclude Include="Console\DeleteServiceAction.h">
      <Filter>Header Files</Filter>
    </ClInclude>
    <ClInclude Include="Console\ServiceAction.h">
      <Filter>Header Files</Filter>
    </ClInclude>
    <ClInclude Include="Console\ServiceSettingsAction.h">
      <Filter>Header Files</Filter>
    </ClInclude>
    <ClInclude Include="Console\SimpleConsoleAction.h">
      <Filter>Header Files</Filter>
    </ClInclude>
    <ClInclude Include="Console\ValidateCreateServiceAction.h">
      <Filter>Header Files</Filter>
    </ClInclude>
    <ClInclude Include="Console\ValidateLogonSIDAction.h">
      <Filter>Header Files</Filter>
    </ClInclude>
    <ClInclude Include="Console\ValidateServiceTaskAction.h">
      <Filter>Header Files</Filter>
    </ClInclude>
    <ClInclude Include="Logger\Logger.h">
      <Filter>Header Files</Filter>
    </ClInclude>
    <ClInclude Include="Logger\RollFileWriter.h">
      <Filter>Header Files</Filter>
    </ClInclude>
    <ClInclude Include="Process\LogPipeReader.h">
      <Filter>Header Files</Filter>
    </ClInclude>
    <ClInclude Include="Process\Pipe.h">
      <Filter>Header Files</Filter>
    </ClInclude>
    <ClInclude Include="Process\PipeReader.h">
      <Filter>Header Files</Filter>
    </ClInclude>
    <ClInclude Include="Process\ProcessAction.h">
      <Filter>Header Files</Filter>
    </ClInclude>
    <ClInclude Include="Process\ProcessCommand.h">
      <Filter>Header Files</Filter>
    </ClInclude>
    <ClInclude Include="Process\ProcessInterruptConsoleControlHandler.h">
      <Filter>Header Files</Filter>
    </ClInclude>
    <ClInclude Include="Process\ProcessInterruptTerminateHandler.h">
      <Filter>Header Files</Filter>
    </ClInclude>
    <ClInclude Include="Service\Command\CreateServiceCommand.h">
      <Filter>Header Files</Filter>
    </ClInclude>
    <ClInclude Include="Service\Command\DeleteServiceCommand.h">
      <Filter>Header Files</Filter>
    </ClInclude>
    <ClInclude Include="Service\Command\ServiceCommand.h">
      <Filter>Header Files</Filter>
    </ClInclude>
    <ClInclude Include="Service\Command\ServiceControlManagerCommand.h">
      <Filter>Header Files</Filter>
    </ClInclude>
    <ClInclude Include="Service\Command\ServiceGrantDACLCommand.h">
      <Filter>Header Files</Filter>
    </ClInclude>
    <ClInclude Include="Service\Event\ServiceEventContext.h">
      <Filter>Header Files</Filter>
    </ClInclude>
    <ClInclude Include="Service\Event\ServiceEventHandler.h">
      <Filter>Header Files</Filter>
    </ClInclude>
    <ClInclude Include="Service\Event\ServiceEventHandlerCollection.h">
      <Filter>Header Files</Filter>
    </ClInclude>
    <ClInclude Include="Service\Event\ServiceEventINRERROGATEHandler.h">
      <Filter>Header Files</Filter>
    </ClInclude>
    <ClInclude Include="Service\Event\ServiceEventSTOPHandler.h">
      <Filter>Header Files</Filter>
    </ClInclude>
    <ClInclude Include="Service\Task\ServiceExecuteProcessTask.h">
      <Filter>Header Files</Filter>
    </ClInclude>
    <ClInclude Include="Service\Task\ServiceTask.h">
      <Filter>Header Files</Filter>
    </ClInclude>
    <ClInclude Include="Service\Task\SettingsServiceTask.h">
      <Filter>Header Files</Filter>
    </ClInclude>
    <ClInclude Include="Service\Task\SimpleThreadedServiceTask.h">
      <Filter>Header Files</Filter>
    </ClInclude>
    <ClInclude Include="Service\Task\ThreadedServiceTask.h">
      <Filter>Header Files</Filter>
    </ClInclude>
    <ClInclude Include="Service\JetServiceMain.h">
      <Filter>Header Files</Filter>
    </ClInclude>
    <ClInclude Include="Service\ServiceMain.h">
      <Filter>Header Files</Filter>
    </ClInclude>
    <ClInclude Include="Service\ServiceStatus.h">
      <Filter>Header Files</Filter>
    </ClInclude>
    <ClInclude Include="Service\StatusValue.h">
      <Filter>Header Files</Filter>
    </ClInclude>
    <ClInclude Include="Settings\FileServiceSettings.h">
      <Filter>Header Files</Filter>
    </ClInclude>
    <ClInclude Include="Settings\FileTaskSettings.h">
      <Filter>Header Files</Filter>
    </ClInclude>
    <ClInclude Include="Settings\ServiceSettings.h">
      <Filter>Header Files</Filter>
    </ClInclude>
    <ClInclude Include="Settings\SimpleServiceSettings.h">
      <Filter>Header Files</Filter>
    </ClInclude>
    <ClInclude Include="Settings\XmlFileSettings.h">
      <Filter>Header Files</Filter>
    </ClInclude>
    <ClInclude Include="User\LogonUserCommand.h">
      <Filter>Header Files</Filter>
    </ClInclude>
    <ClInclude Include="User\LSAGrantPrivilegeCommand.h">
      <Filter>Header Files</Filter>
    </ClInclude>
    <ClInclude Include="User\LSAPolicyCommand.h">
      <Filter>Header Files</Filter>
    </ClInclude>
    <ClInclude Include="User\LSAUserCommand.h">
      <Filter>Header Files</Filter>
    </ClInclude>
  </ItemGroup>
  <ItemGroup>
    <ClCompile Include="stdafx.cpp">
      <Filter>Source Files</Filter>
    </ClCompile>
    <ClCompile Include="JetService.cpp">
      <Filter>Source Files</Filter>
    </ClCompile>
    <ClCompile Include="Command.cpp">
      <Filter>Source Files</Filter>
    </ClCompile>
    <ClCompile Include="Argz.cpp">
      <Filter>Source Files</Filter>
    </ClCompile>
    <ClCompile Include="InstanceCount.cpp">
      <Filter>Source Files</Filter>
    </ClCompile>
    <ClCompile Include="InterruptHolder.cpp">
      <Filter>Source Files</Filter>
    </ClCompile>
    <ClCompile Include="Console\Impl\ConsoleCommandsRunner.cpp">
      <Filter>Source Files</Filter>
    </ClCompile>
    <ClCompile Include="Console\Impl\SimpleConsoleWriter.cpp">
      <Filter>Source Files</Filter>
    </ClCompile>
    <ClCompile Include="Console\ConsoleAction.cpp">
      <Filter>Source Files</Filter>
    </ClCompile>
    <ClCompile Include="Console\ConsoleWriter.cpp">
      <Filter>Source Files</Filter>
    </ClCompile>
    <ClCompile Include="Console\CreateServiceAction.cpp">
      <Filter>Source Files</Filter>
    </ClCompile>
    <ClCompile Include="Console\CreateServiceCheckAccountAction.cpp">
      <Filter>Source Files</Filter>
    </ClCompile>
    <ClCompile Include="Console\CreateServiceSettingsAction.cpp">
      <Filter>Source Files</Filter>
    </ClCompile>
    <ClCompile Include="Console\DeleteServiceAction.cpp">
      <Filter>Source Files</Filter>
    </ClCompile>
    <ClCompile Include="Console\ServiceAction.cpp">
      <Filter>Source Files</Filter>
    </ClCompile>
    <ClCompile Include="Console\ServiceSettingsAction.cpp">
      <Filter>Source Files</Filter>
    </ClCompile>
    <ClCompile Include="Console\SimpleConsoleAction.cpp">
      <Filter>Source Files</Filter>
    </ClCompile>
    <ClCompile Include="Console\ValidateCreateServiceAction.cpp">
      <Filter>Source Files</Filter>
    </ClCompile>
    <ClCompile Include="Console\ValidateLogonSIDAction.cpp">
      <Filter>Source Files</Filter>
    </ClCompile>
    <ClCompile Include="Console\ValidateServiceTaskAction.cpp">
      <Filter>Source Files</Filter>
    </ClCompile>
    <ClCompile Include="Logger\Logger.cpp">
      <Filter>Source Files</Filter>
    </ClCompile>
    <ClCompile Include="Logger\RollFileWriter.cpp">
      <Filter>Source Files</Filter>
    </ClCompile>
    <ClCompile Include="Process\LogPipeReader.cpp">
      <Filter>Source Files</Filter>
    </ClCompile>
    <ClCompile Include="Process\Pipe.cpp">
      <Filter>Source Files</Filter>
    </ClCompile>
    <ClCompile Include="Process\PipeReader.cpp">
      <Filter>Source Files</Filter>
    </ClCompile>
    <ClCompile Include="Process\ProcessAction.cpp">
      <Filter>Source Files</Filter>
    </ClCompile>
    <ClCompile Include="Process\ProcessCommand.cpp">
      <Filter>Source Files</Filter>
    </ClCompile>
    <ClCompile Include="Process\ProcessInterruptConsoleControlHandler.cpp">
      <Filter>Source Files</Filter>
    </ClCompile>
    <ClCompile Include="Process\ProcessInterruptTerminateHandler.cpp">
      <Filter>Source Files</Filter>
    </ClCompile>
    <ClCompile Include="Service\Command\CreateServiceCommand.cpp">
      <Filter>Source Files</Filter>
    </ClCompile>
    <ClCompile Include="Service\Command\DeleteServiceCommand.cpp">
      <Filter>Source Files</Filter>
    </ClCompile>
    <ClCompile Include="Service\Command\ServiceCommand.cpp">
      <Filter>Source Files</Filter>
    </ClCompile>
    <ClCompile Include="Service\Command\ServiceControlManagerCommand.cpp">
      <Filter>Source Files</Filter>
    </ClCompile>
    <ClCompile Include="Service\Command\ServiceGrantDACLCommand.cpp">
      <Filter>Source Files</Filter>
    </ClCompile>
    <ClCompile Include="Service\Event\ServiceEventContext.cpp">
      <Filter>Source Files</Filter>
    </ClCompile>
    <ClCompile Include="Service\Event\ServiceEventHandler.cpp">
      <Filter>Source Files</Filter>
    </ClCompile>
    <ClCompile Include="Service\Event\ServiceEventHandlerCollection.cpp">
      <Filter>Source Files</Filter>
    </ClCompile>
    <ClCompile Include="Service\Event\ServiceEventINRERROGATEHandler.cpp">
      <Filter>Source Files</Filter>
    </ClCompile>
    <ClCompile Include="Service\Event\ServiceEventSTOPHandler.cpp">
      <Filter>Source Files</Filter>
    </ClCompile>
    <ClCompile Include="Service\Task\ServiceExecuteProcessTask.cpp">
      <Filter>Source Files</Filter>
    </ClCompile>
    <ClCompile Include="Service\Task\ServiceTask.cpp">
      <Filter>Source Files</Filter>
    </ClCompile>
    <ClCompile Include="Service\Task\SettingsServiceTask.cpp">
      <Filter>Source Files</Filter>
    </ClCompile>
    <ClCompile Include="Service\Task\SimpleThreadedServiceTask.cpp">
      <Filter>Source Files</Filter>
    </ClCompile>
    <ClCompile Include="Service\Task\ThreadedServiceTask.cpp">
      <Filter>Source Files</Filter>
    </ClCompile>
    <ClCompile Include="Service\ServiceMain.cpp">
      <Filter>Source Files</Filter>
    </ClCompile>
    <ClCompile Include="Service\ServiceStatus.cpp">
      <Filter>Source Files</Filter>
    </ClCompile>
    <ClCompile Include="Service\StatusValue.cpp">
      <Filter>Source Files</Filter>
    </ClCompile>
    <ClCompile Include="Settings\FileServiceSettings.cpp">
      <Filter>Source Files</Filter>
    </ClCompile>
    <ClCompile Include="Settings\FileTaskSettings.cpp">
      <Filter>Source Files</Filter>
    </ClCompile>
    <ClCompile Include="Settings\SimpleServiceSettings.cpp">
      <Filter>Source Files</Filter>
    </ClCompile>
    <ClCompile Include="Settings\XmlFileSettings.cpp">
      <Filter>Source Files</Filter>
    </ClCompile>
    <ClCompile Include="User\LogonUserCommand.cpp">
      <Filter>Source Files</Filter>
    </ClCompile>
    <ClCompile Include="User\LSAGrantPrivilegeCommand.cpp">
      <Filter>Source Files</Filter>
    </ClCompile>
    <ClCompile Include="User\LSAPolicyCommand.cpp">
      <Filter>Source Files</Filter>
    </ClCompile>
    <ClCompile Include="User\LSAUserCommand.cpp">
      <Filter>Source Files</Filter>
    </ClCompile>
  </ItemGroup>
  <ItemGroup>
    <None Include="JetServiceSettings.xml" />
    <None Include="resources\ProductIcon.ico">
      <Filter>Resource Files</Filter>
    </None>
  </ItemGroup>
  <ItemGroup>
    <ResourceCompile Include="resourece.rc">
      <Filter>Resource Files</Filter>
    </ResourceCompile>
  </ItemGroup>
</Project>