<?xml version="1.0" encoding="utf-8"?>
<Project ToolsVersion="4.0" xmlns="http://schemas.microsoft.com/developer/msbuild/2003">
  <ItemGroup>
    <Filter Include="Source Files">
      <UniqueIdentifier>{4FC737F1-C7A5-4376-A066-2A32D752A2FF}</UniqueIdentifier>
      <Extensions>cpp;c;cc;cxx;def;odl;idl;hpj;bat;asm;asmx</Extensions>
    </Filter>
    <Filter Include="Header Files">
      <UniqueIdentifier>{93995380-89BD-4b04-88EB-625FBE52EBFB}</UniqueIdentifier>
      <Extensions>h;hpp;hxx;hm;inl;inc;xsd</Extensions>
    </Filter>
    <Filter Include="Resource Files">
      <UniqueIdentifier>{67DA6AB6-F800-4c08-8B7A-83BB121AAD01}</UniqueIdentifier>
      <Extensions>rc;ico;cur;bmp;dlg;rc2;rct;bin;rgs;gif;jpg;jpeg;jpe;resx;tiff;tif;png;wav;mfcribbon-ms</Extensions>
    </Filter>
  </ItemGroup>
  <ItemGroup>
    <ClInclude Include="stdafx.h">
      <Filter>Header Files</Filter>
    </ClInclude>
    <ClInclude Include="targetver.h">
      <Filter>Header Files</Filter>
    </ClInclude>
    <ClInclude Include="Command.h">
      <Filter>Header Files</Filter>
    </ClInclude>
    <ClInclude Include="Argz.h">
      <Filter>Header Files</Filter>
    </ClInclude>
    <ClInclude Include="ServiceControlManagerCommand.h">
      <Filter>Header Files</Filter>
    </ClInclude>
    <ClInclude Include="Logger.h">
      <Filter>Header Files</Filter>
    </ClInclude>
    <ClInclude Include="CreateServiceCommand.h">
      <Filter>Header Files</Filter>
    </ClInclude>
    <ClInclude Include="ServiceCommand.h">
      <Filter>Header Files</Filter>
    </ClInclude>
    <ClInclude Include="ServiceSettings.h">
      <Filter>Header Files</Filter>
    </ClInclude>
    <ClInclude Include="DeleteServiceCommand.h">
      <Filter>Header Files</Filter>
    </ClInclude>
    <ClInclude Include="FileServiceSettings.h">
      <Filter>Header Files</Filter>
    </ClInclude>
    <ClInclude Include="rapidxml\rapidxml.hpp">
      <Filter>Header Files</Filter>
    </ClInclude>
    <ClInclude Include="rapidxml\rapidxml_iterators.hpp">
      <Filter>Header Files</Filter>
    </ClInclude>
    <ClInclude Include="rapidxml\rapidxml_print.hpp">
      <Filter>Header Files</Filter>
    </ClInclude>
    <ClInclude Include="rapidxml\rapidxml_utils.hpp">
      <Filter>Header Files</Filter>
    </ClInclude>
    <ClInclude Include="SimpleServiceSettings.h">
      <Filter>Header Files</Filter>
    </ClInclude>
    <ClInclude Include="ConsoleAction.h">
      <Filter>Header Files</Filter>
    </ClInclude>
    <ClInclude Include="DeleteServiceAction.h">
      <Filter>Header Files</Filter>
    </ClInclude>
    <ClInclude Include="ConsoleWriter.h">
      <Filter>Header Files</Filter>
    </ClInclude>
    <ClInclude Include="SimpleConsoleWriter.h">
      <Filter>Header Files</Filter>
    </ClInclude>
    <ClInclude Include="SimpleConsoleAction.h">
      <Filter>Header Files</Filter>
    </ClInclude>
    <ClInclude Include="CreateServiceAction.h">
      <Filter>Header Files</Filter>
    </ClInclude>
    <ClInclude Include="ServiceAction.h">
      <Filter>Header Files</Filter>
    </ClInclude>
    <ClInclude Include="ConsoleCommandsRunner.h">
      <Filter>Header Files</Filter>
    </ClInclude>
    <ClInclude Include="ServiceMain.h">
      <Filter>Header Files</Filter>
    </ClInclude>
    <ClInclude Include="InstanceCount.h">
      <Filter>Header Files</Filter>
    </ClInclude>
    <ClInclude Include="JetServiceMain.h">
      <Filter>Header Files</Filter>
    </ClInclude>
    <ClInclude Include="ServiceStatus.h">
      <Filter>Header Files</Filter>
    </ClInclude>
    <ClInclude Include="StatusValue.h">
      <Filter>Header Files</Filter>
    </ClInclude>
    <ClInclude Include="ServiceEventHandler.h">
      <Filter>Header Files</Filter>
    </ClInclude>
    <ClInclude Include="ServiceEventHandlerCollection.h">
      <Filter>Header Files</Filter>
    </ClInclude>
    <ClInclude Include="ServiceEventINRERROGATEHandler.h">
      <Filter>Header Files</Filter>
    </ClInclude>
    <ClInclude Include="ServiceEventContext.h">
      <Filter>Header Files</Filter>
    </ClInclude>
    <ClInclude Include="ServiceEventSTOPHandler.h">
      <Filter>Header Files</Filter>
    </ClInclude>
    <ClInclude Include="ServiceTask.h">
      <Filter>Header Files</Filter>
    </ClInclude>
    <ClInclude Include="XmlFileSettings.h">
      <Filter>Header Files</Filter>
    </ClInclude>
    <ClInclude Include="FileTaskSettings.h">
      <Filter>Header Files</Filter>
    </ClInclude>
    <ClInclude Include="ThreadedServiceTask.h">
      <Filter>Header Files</Filter>
    </ClInclude>
    <ClInclude Include="InterruptHolder.h">
      <Filter>Header Files</Filter>
    </ClInclude>
    <ClInclude Include="SimpleThreadedServiceTask.h">
      <Filter>Header Files</Filter>
    </ClInclude>
    <ClInclude Include="SettingsServiceTask.h">
      <Filter>Header Files</Filter>
    </ClInclude>
    <ClInclude Include="ServiceExecuteProcessTask.h">
      <Filter>Header Files</Filter>
    </ClInclude>
    <ClInclude Include="ProcessCommand.h">
      <Filter>Header Files</Filter>
    </ClInclude>
    <ClInclude Include="ProcessAction.h">
      <Filter>Header Files</Filter>
    </ClInclude>
    <ClInclude Include="Pipe.h">
      <Filter>Header Files</Filter>
    </ClInclude>
    <ClInclude Include="PipeReader.h">
      <Filter>Header Files</Filter>
    </ClInclude>
    <ClInclude Include="LogPipeReader.h">
      <Filter>Header Files</Filter>
    </ClInclude>
    <ClInclude Include="RollFileWriter.h">
      <Filter>Header Files</Filter>
    </ClInclude>
    <ClInclude Include="resource.h">
      <Filter>Header Files</Filter>
    </ClInclude>
    <ClInclude Include="CreateServiceSettingsAction.h">
      <Filter>Header Files</Filter>
    </ClInclude>
    <ClInclude Include="ValidateCreateServiceAction.h">
      <Filter>Header Files</Filter>
    </ClInclude>
    <ClInclude Include="ServiceSettingsAction.h">
      <Filter>Header Files</Filter>
    </ClInclude>
    <ClInclude Include="ValidateServiceTaskAction.h">
      <Filter>Header Files</Filter>
    </ClInclude>
    <ClInclude Include="LSAPolicyCommand.h">
      <Filter>Header Files</Filter>
    </ClInclude>
    <ClInclude Include="LogonUserCommand.h">
      <Filter>Header Files</Filter>
    </ClInclude>
    <ClInclude Include="LSAUserCommand.h">
      <Filter>Header Files</Filter>
    </ClInclude>
    <ClInclude Include="LSAGrantPrivilegeCommand.h">
      <Filter>Header Files</Filter>
    </ClInclude>
    <ClInclude Include="ValidateLogonSIDAction.h">
      <Filter>Header Files</Filter>
    </ClInclude>
    <ClInclude Include="CreateServiceCheckAccountAction.h">
      <Filter>Header Files</Filter>
    </ClInclude>
    <ClInclude Include="ServiceGrantDACLCommand.h">
      <Filter>Header Files</Filter>
    </ClInclude>
    <ClInclude Include="ProcessInterruptTerminateHandler.h">
      <Filter>Header Files</Filter>
    </ClInclude>
  </ItemGroup>
  <ItemGroup>
    <ClCompile Include="stdafx.cpp">
      <Filter>Source Files</Filter>
    </ClCompile>
    <ClCompile Include="JetService.cpp">
      <Filter>Source Files</Filter>
    </ClCompile>
    <ClCompile Include="Command.cpp">
      <Filter>Source Files</Filter>
    </ClCompile>
    <ClCompile Include="Argz.cpp">
      <Filter>Source Files</Filter>
    </ClCompile>
    <ClCompile Include="ServiceControlManagerCommand.cpp">
      <Filter>Source Files</Filter>
    </ClCompile>
    <ClCompile Include="Logger.cpp">
      <Filter>Source Files</Filter>
    </ClCompile>
    <ClCompile Include="CreateServiceCommand.cpp">
      <Filter>Source Files</Filter>
    </ClCompile>
    <ClCompile Include="ServiceCommand.cpp">
      <Filter>Source Files</Filter>
    </ClCompile>
    <ClCompile Include="DeleteServiceCommand.cpp">
      <Filter>Source Files</Filter>
    </ClCompile>
    <ClCompile Include="FileServiceSettings.cpp">
      <Filter>Source Files</Filter>
    </ClCompile>
    <ClCompile Include="SimpleServiceSettings.cpp">
      <Filter>Source Files</Filter>
    </ClCompile>
    <ClCompile Include="ConsoleAction.cpp">
      <Filter>Source Files</Filter>
    </ClCompile>
    <ClCompile Include="DeleteServiceAction.cpp">
      <Filter>Source Files</Filter>
    </ClCompile>
    <ClCompile Include="ConsoleWriter.cpp">
      <Filter>Source Files</Filter>
    </ClCompile>
    <ClCompile Include="SimpleConsoleWriter.cpp">
      <Filter>Source Files</Filter>
    </ClCompile>
    <ClCompile Include="SimpleConsoleAction.cpp">
      <Filter>Source Files</Filter>
    </ClCompile>
    <ClCompile Include="CreateServiceAction.cpp">
      <Filter>Source Files</Filter>
    </ClCompile>
    <ClCompile Include="ServiceAction.cpp">
      <Filter>Source Files</Filter>
    </ClCompile>
    <ClCompile Include="ConsoleCommandsRunner.cpp">
      <Filter>Source Files</Filter>
    </ClCompile>
    <ClCompile Include="ServiceMain.cpp">
      <Filter>Source Files</Filter>
    </ClCompile>
    <ClCompile Include="InstanceCount.cpp">
      <Filter>Source Files</Filter>
    </ClCompile>
    <ClCompile Include="ServiceStatus.cpp">
      <Filter>Source Files</Filter>
    </ClCompile>
    <ClCompile Include="StatusValue.cpp">
      <Filter>Source Files</Filter>
    </ClCompile>
    <ClCompile Include="ServiceEventHandler.cpp">
      <Filter>Source Files</Filter>
    </ClCompile>
    <ClCompile Include="ServiceEventHandlerCollection.cpp">
      <Filter>Source Files</Filter>
    </ClCompile>
    <ClCompile Include="ServiceEventINRERROGATEHandler.cpp">
      <Filter>Source Files</Filter>
    </ClCompile>
    <ClCompile Include="ServiceEventContext.cpp">
      <Filter>Source Files</Filter>
    </ClCompile>
    <ClCompile Include="ServiceEventSTOPHandler.cpp">
      <Filter>Source Files</Filter>
    </ClCompile>
    <ClCompile Include="ServiceTask.cpp">
      <Filter>Source Files</Filter>
    </ClCompile>
    <ClCompile Include="XmlFileSettings.cpp">
      <Filter>Source Files</Filter>
    </ClCompile>
    <ClCompile Include="FileTaskSettings.cpp">
      <Filter>Source Files</Filter>
    </ClCompile>
    <ClCompile Include="ThreadedServiceTask.cpp">
      <Filter>Source Files</Filter>
    </ClCompile>
    <ClCompile Include="InterruptHolder.cpp">
      <Filter>Source Files</Filter>
    </ClCompile>
    <ClCompile Include="SimpleThreadedServiceTask.cpp">
      <Filter>Source Files</Filter>
    </ClCompile>
    <ClCompile Include="SettingsServiceTask.cpp">
      <Filter>Source Files</Filter>
    </ClCompile>
    <ClCompile Include="ServiceExecuteProcessTask.cpp">
      <Filter>Source Files</Filter>
    </ClCompile>
    <ClCompile Include="ProcessCommand.cpp">
      <Filter>Source Files</Filter>
    </ClCompile>
    <ClCompile Include="ProcessAction.cpp">
      <Filter>Source Files</Filter>
    </ClCompile>
    <ClCompile Include="Pipe.cpp">
      <Filter>Source Files</Filter>
    </ClCompile>
    <ClCompile Include="PipeReader.cpp">
      <Filter>Source Files</Filter>
    </ClCompile>
    <ClCompile Include="LogPipeReader.cpp">
      <Filter>Source Files</Filter>
    </ClCompile>
    <ClCompile Include="RollFileWriter.cpp">
      <Filter>Source Files</Filter>
    </ClCompile>
    <ClCompile Include="CreateServiceSettingsAction.cpp">
      <Filter>Source Files</Filter>
    </ClCompile>
    <ClCompile Include="ValidateCreateServiceAction.cpp">
      <Filter>Source Files</Filter>
    </ClCompile>
    <ClCompile Include="ServiceSettingsAction.cpp">
      <Filter>Source Files</Filter>
    </ClCompile>
    <ClCompile Include="ValidateServiceTaskAction.cpp">
      <Filter>Source Files</Filter>
    </ClCompile>
    <ClCompile Include="LSAPolicyCommand.cpp">
      <Filter>Source Files</Filter>
    </ClCompile>
    <ClCompile Include="LogonUserCommand.cpp">
      <Filter>Source Files</Filter>
    </ClCompile>
    <ClCompile Include="LSAUserCommand.cpp">
      <Filter>Source Files</Filter>
    </ClCompile>
    <ClCompile Include="LSAGrantPrivilegeCommand.cpp">
      <Filter>Source Files</Filter>
    </ClCompile>
    <ClCompile Include="ValidateLogonSIDAction.cpp">
      <Filter>Source Files</Filter>
    </ClCompile>
    <ClCompile Include="CreateServiceCheckAccountAction.cpp">
      <Filter>Source Files</Filter>
    </ClCompile>
    <ClCompile Include="ServiceGrantDACLCommand.cpp">
      <Filter>Source Files</Filter>
    </ClCompile>
    <ClCompile Include="ProcessInterruptTerminateHandler.cpp">
      <Filter>Source Files</Filter>
    </ClCompile>
  </ItemGroup>
  <ItemGroup>
    <None Include="JetServiceSettings.xml" />
    <None Include="resources\ProductIcon.ico">
      <Filter>Resource Files</Filter>
    </None>
  </ItemGroup>
  <ItemGroup>
    <ResourceCompile Include="resourece.rc">
      <Filter>Resource Files</Filter>
    </ResourceCompile>
  </ItemGroup>
</Project>